
Microsoft Visual Studio Solution File, Format Version 12.00
# Visual Studio Version 17
VisualStudioVersion = 17.13.35931.197
MinimumVisualStudioVersion = 10.0.40219.1
Project("{FAE04EC0-301F-11D3-BF4B-00C04F79EFBC}") = "Snake.io", "Snake.io.csproj", "{2B26F988-9DAB-46F8-AFCF-2023C1A906DB}"
EndProject
Global
	GlobalSection(SolutionConfigurationPlatforms) = preSolution
		Debug|Any CPU = Debug|Any CPU
		Debug|x86 = Debug|x86
		Release|Any CPU = Release|Any CPU
		Release|x86 = Release|x86
	EndGlobalSection
	GlobalSection(ProjectConfigurationPlatforms) = postSolution
		{2B26F988-9DAB-46F8-AFCF-2023C1A906DB}.Debug|Any CPU.ActiveCfg = Debug|Any CPU
		{2B26F988-9DAB-46F8-AFCF-2023C1A906DB}.Debug|Any CPU.Build.0 = Debug|Any CPU
		{2B26F988-9DAB-46F8-AFCF-2023C1A906DB}.Debug|x86.ActiveCfg = Debug|x86
		{2B26F988-9DAB-46F8-AFCF-2023C1A906DB}.Debug|x86.Build.0 = Debug|x86
		{2B26F988-9DAB-46F8-AFCF-2023C1A906DB}.Release|Any CPU.ActiveCfg = Release|Any CPU
		{2B26F988-9DAB-46F8-AFCF-2023C1A906DB}.Release|Any CPU.Build.0 = Release|Any CPU
		{2B26F988-9DAB-46F8-AFCF-2023C1A906DB}.Release|x86.ActiveCfg = Release|x86
		{2B26F988-9DAB-46F8-AFCF-2023C1A906DB}.Release|x86.Build.0 = Release|x86
	EndGlobalSection
	GlobalSection(SolutionProperties) = preSolution
		HideSolutionNode = FALSE
	EndGlobalSection
	GlobalSection(ExtensibilityGlobals) = postSolution
		SolutionGuid = {442AFBD3-EC76-461A-B1B5-FFD5543ED042}
	EndGlobalSection
EndGlobal
